
Microsoft Visual Studio Solution File, Format Version 12.00
# Visual Studio Version 17
VisualStudioVersion = 17.8.34316.72
MinimumVisualStudioVersion = 10.0.40219.1
Project("{2150E333-8FDC-42A3-9474-1A3956D46DE8}") = "BLL", "BLL", "{480BC684-090B-40FA-8083-E3AE882F4088}"
EndProject
Project("{2150E333-8FDC-42A3-9474-1A3956D46DE8}") = "IOC", "IOC", "{BBA95389-4D06-4458-9548-73686E271F1F}"
EndProject
Project("{2150E333-8FDC-42A3-9474-1A3956D46DE8}") = "DAL", "DAL", "{506351DF-1065-460F-AD64-A2D5D0437C8B}"
EndProject
Project("{2150E333-8FDC-42A3-9474-1A3956D46DE8}") = "Services", "Services", "{2687B65F-44E9-479B-863C-C48F562EB8CC}"
EndProject
Project("{2150E333-8FDC-42A3-9474-1A3956D46DE8}") = "Utilities", "Utilities", "{102EC4BC-CFA8-4532-85C7-5B12DCEB20DF}"
EndProject
Project("{2150E333-8FDC-42A3-9474-1A3956D46DE8}") = "Domain", "Domain", "{D07499D8-26E4-4BAA-8AE6-943532ABC9EE}"
EndProject
Project("{FAE04EC0-301F-11D3-BF4B-00C04F79EFBC}") = "SALESSYSTEM.BLL", "src\SALESSYSTEM.BLL\SALESSYSTEM.BLL.csproj", "{14B75D94-D8CF-471A-9CDA-40774D71ABCB}"
EndProject
Project("{FAE04EC0-301F-11D3-BF4B-00C04F79EFBC}") = "SALESSYSTEM.DAL", "src\SALESSYSTEM.DAL\SALESSYSTEM.DAL.csproj", "{DB28E761-A065-4232-8EEA-348F05CB8E58}"
EndProject
Project("{FAE04EC0-301F-11D3-BF4B-00C04F79EFBC}") = "SALESSYSTEM.IOC", "src\SALESSYSTEM.IOC\SALESSYSTEM.IOC.csproj", "{741CF3BD-6A22-485D-A87D-4AA9000F0B12}"
EndProject
Project("{FAE04EC0-301F-11D3-BF4B-00C04F79EFBC}") = "SALESSYSTEM.WebApi", "src\SALESSYSTEM.WebApi\SALESSYSTEM.WebApi.csproj", "{BDEC7ED4-3B11-4654-9A93-E652B6EF203D}"
EndProject
Project("{FAE04EC0-301F-11D3-BF4B-00C04F79EFBC}") = "SALESSYSTEM.Utilities", "src\SALESSYSTEM.Utilities\SALESSYSTEM.Utilities.csproj", "{A568D9A6-0678-4570-A837-4560EE0E1D61}"
EndProject
Project("{FAE04EC0-301F-11D3-BF4B-00C04F79EFBC}") = "SALESSYSTEM.Domain", "src\SALESSYSTEM.Domain\SALESSYSTEM.Domain.csproj", "{6111768C-F89F-4B51-8B37-65B54DD3E96B}"
EndProject
Global
	GlobalSection(SolutionConfigurationPlatforms) = preSolution
		Debug|Any CPU = Debug|Any CPU
		Release|Any CPU = Release|Any CPU
	EndGlobalSection
	GlobalSection(ProjectConfigurationPlatforms) = postSolution
		{14B75D94-D8CF-471A-9CDA-40774D71ABCB}.Debug|Any CPU.ActiveCfg = Debug|Any CPU
		{14B75D94-D8CF-471A-9CDA-40774D71ABCB}.Debug|Any CPU.Build.0 = Debug|Any CPU
		{14B75D94-D8CF-471A-9CDA-40774D71ABCB}.Release|Any CPU.ActiveCfg = Release|Any CPU
		{14B75D94-D8CF-471A-9CDA-40774D71ABCB}.Release|Any CPU.Build.0 = Release|Any CPU
		{DB28E761-A065-4232-8EEA-348F05CB8E58}.Debug|Any CPU.ActiveCfg = Debug|Any CPU
		{DB28E761-A065-4232-8EEA-348F05CB8E58}.Debug|Any CPU.Build.0 = Debug|Any CPU
		{DB28E761-A065-4232-8EEA-348F05CB8E58}.Release|Any CPU.ActiveCfg = Release|Any CPU
		{DB28E761-A065-4232-8EEA-348F05CB8E58}.Release|Any CPU.Build.0 = Release|Any CPU
		{741CF3BD-6A22-485D-A87D-4AA9000F0B12}.Debug|Any CPU.ActiveCfg = Debug|Any CPU
		{741CF3BD-6A22-485D-A87D-4AA9000F0B12}.Debug|Any CPU.Build.0 = Debug|Any CPU
		{741CF3BD-6A22-485D-A87D-4AA9000F0B12}.Release|Any CPU.ActiveCfg = Release|Any CPU
		{741CF3BD-6A22-485D-A87D-4AA9000F0B12}.Release|Any CPU.Build.0 = Release|Any CPU
		{BDEC7ED4-3B11-4654-9A93-E652B6EF203D}.Debug|Any CPU.ActiveCfg = Debug|Any CPU
		{BDEC7ED4-3B11-4654-9A93-E652B6EF203D}.Debug|Any CPU.Build.0 = Debug|Any CPU
		{BDEC7ED4-3B11-4654-9A93-E652B6EF203D}.Release|Any CPU.ActiveCfg = Release|Any CPU
		{BDEC7ED4-3B11-4654-9A93-E652B6EF203D}.Release|Any CPU.Build.0 = Release|Any CPU
		{A568D9A6-0678-4570-A837-4560EE0E1D61}.Debug|Any CPU.ActiveCfg = Debug|Any CPU
		{A568D9A6-0678-4570-A837-4560EE0E1D61}.Debug|Any CPU.Build.0 = Debug|Any CPU
		{A568D9A6-0678-4570-A837-4560EE0E1D61}.Release|Any CPU.ActiveCfg = Release|Any CPU
		{A568D9A6-0678-4570-A837-4560EE0E1D61}.Release|Any CPU.Build.0 = Release|Any CPU
		{6111768C-F89F-4B51-8B37-65B54DD3E96B}.Debug|Any CPU.ActiveCfg = Debug|Any CPU
		{6111768C-F89F-4B51-8B37-65B54DD3E96B}.Debug|Any CPU.Build.0 = Debug|Any CPU
		{6111768C-F89F-4B51-8B37-65B54DD3E96B}.Release|Any CPU.ActiveCfg = Release|Any CPU
		{6111768C-F89F-4B51-8B37-65B54DD3E96B}.Release|Any CPU.Build.0 = Release|Any CPU
	EndGlobalSection
	GlobalSection(SolutionProperties) = preSolution
		HideSolutionNode = FALSE
	EndGlobalSection
	GlobalSection(NestedProjects) = preSolution
		{14B75D94-D8CF-471A-9CDA-40774D71ABCB} = {480BC684-090B-40FA-8083-E3AE882F4088}
		{DB28E761-A065-4232-8EEA-348F05CB8E58} = {506351DF-1065-460F-AD64-A2D5D0437C8B}
		{741CF3BD-6A22-485D-A87D-4AA9000F0B12} = {BBA95389-4D06-4458-9548-73686E271F1F}
		{BDEC7ED4-3B11-4654-9A93-E652B6EF203D} = {2687B65F-44E9-479B-863C-C48F562EB8CC}
		{A568D9A6-0678-4570-A837-4560EE0E1D61} = {102EC4BC-CFA8-4532-85C7-5B12DCEB20DF}
		{6111768C-F89F-4B51-8B37-65B54DD3E96B} = {D07499D8-26E4-4BAA-8AE6-943532ABC9EE}
	EndGlobalSection
	GlobalSection(ExtensibilityGlobals) = postSolution
		SolutionGuid = {3C2165DA-E384-4A43-A6C6-3C2AB6AB42E8}
	EndGlobalSection
EndGlobal
